hash: 25e1f1e4fa7e0062b8d0922f2b1837241e738d51b75451873472fee5f2f4850a
updated: 2018-08-30T16:19:02.102826963-03:00
imports:
- name: github.com/artyom/untar
  version: 22b40eac2b1243cc23b0ce3bbe616f0d1aaff936
- name: github.com/beorn7/perks
  version: b965b613227fddccbfffe13eae360ed3fa822f8d
  subpackages:
  - quantile
- name: github.com/coreos/clair
  version: 94bcf91cdf3886452ba329cb3a3857190f24e68f
  subpackages:
  - api/context
  - api/v1
  - config
  - database
  - utils
  - utils/errors
  - utils/types
  - worker
  - worker/detectors
- name: github.com/coreos/go-systemd
  version: 4f14f6deef2da87e4aa59e6c1c1f3e02ba44c5e1
  subpackages:
  - journal
- name: github.com/coreos/pkg
  version: 2c77715c4df99b5420ffcae14ead08f52104065d
  subpackages:
  - capnslog
  - timeutil
- name: github.com/docker/distribution
  version: 129ad8ea0c3760d878b34cffdb9c3be874a7b2f7
  subpackages:
  - manifest/schema1
  - registry/client
- name: github.com/docker/docker
  version: 48dd90d3985889ca008faa3b041bf31d2ada95c5
  subpackages:
  - api/types
  - cli/config
  - distribution
  - reference
  - registry
- name: github.com/docker/go-connections
  version: 4ccf312bf1d35e5dbda654e57a9be4c3f3cd0366
  subpackages:
  - tlsconfig
- name: github.com/docker/go-units
  version: 47565b4f722fb6ceae66b95f853feed578a4a51c
- name: github.com/fatih/color
  version: 5b77d2a35fb0ede96d138fc9a99f5c9b6aef11b4
- name: github.com/fernet/fernet-go
  version: 1b2437bc582b3cfbb341ee5a29f8ef5b42912ff2
- name: github.com/golang/protobuf
  version: 5fc2294e655b78ed8a02082d37808d46c17d7e64
  subpackages:
  - proto
- name: github.com/inconshreveable/mousetrap
  version: 76626ae9c91c4f2a10f34cad8ce83ea42c93bb75
- name: github.com/julienschmidt/httprouter
  version: 21439ef4d70ba4f3e2a5ed9249e7b03af4019b40
- name: github.com/matttproud/golang_protobuf_extensions
  version: d0c3fe89de86839aecf2e0579c40ba3bb336a453
  subpackages:
  - pbutil
- name: github.com/opencontainers/go-digest
  version: 21dfd564fd89c944783d00d069f33e3e7123c448
- name: github.com/prometheus/client_golang
  version: 67994f177195311c3ea3d4407ed0175e34a4256f
  subpackages:
  - prometheus
- name: github.com/prometheus/client_model
  version: fa8ad6fec33561be4280a8f0514318c79d7f6cb6
  subpackages:
  - go
- name: github.com/prometheus/common
  version: dba5e39d4516169e840def50e507ef5f21b985f9
  subpackages:
  - expfmt
  - internal/bitbucket.org/ww/goautoneg
  - model
- name: github.com/prometheus/procfs
  version: 406e5b7bfd8201a36e2bb5f7bdae0b03380c2ce8
- name: github.com/spf13/cobra
  version: 99dc123558852f67743bd0b2caf8383cb3c6d720
- name: github.com/spf13/pflag
  version: 9a97c102cda95a86cec2345a6f09f55a939babf5
- name: github.com/spf13/viper
  version: 8addaed22d65eb9b54dc9e9a28537f5b8b9ca756
- name: golang.org/x/crypto
  version: ca7e7f10cb9fd9c1a6ff7f60436c086d73714180
- name: golang.org/x/net
  version: 1d7a0b2100da090d8b02afcfb42f97e2c77e71a4
  subpackages:
  - context
- name: gopkg.in/yaml.v2
  version: f7716cbe52baa25d2e9b0d0da546fcf909fc16b4
- name: k8s.io/client-go
  version: e121606b0d09b2e1c467183ee46217fa85a6b672
testImports: []
